
Microsoft Visual Studio Solution File, Format Version 12.00
# Visual Studio Version 17
VisualStudioVersion = 17.5.33530.505
MinimumVisualStudioVersion = 10.0.40219.1
Project("{8BC9CEB8-8B4A-11D0-8D11-00A0C91BC942}") = "bitboard_frontend", "bitboard_frontend.vcxproj", "{36095165-D2FB-4430-AB74-28F891AC2869}"
EndProject
Global
	GlobalSection(SolutionConfigurationPlatforms) = preSolution
		Debug|x64 = Debug|x64
		Debug|x86 = Debug|x86
		Release|x64 = Release|x64
		Release|x86 = Release|x86
	EndGlobalSection
	GlobalSection(ProjectConfigurationPlatforms) = postSolution
		{36095165-D2FB-4430-AB74-28F891AC2869}.Debug|x64.ActiveCfg = Debug|x64
		{36095165-D2FB-4430-AB74-28F891AC2869}.Debug|x64.Build.0 = Debug|x64
		{36095165-D2FB-4430-AB74-28F891AC2869}.Debug|x86.ActiveCfg = Debug|Win32
		{36095165-D2FB-4430-AB74-28F891AC2869}.Debug|x86.Build.0 = Debug|Win32
		{36095165-D2FB-4430-AB74-28F891AC2869}.Release|x64.ActiveCfg = Release|x64
		{36095165-D2FB-4430-AB74-28F891AC2869}.Release|x64.Build.0 = Release|x64
		{36095165-D2FB-4430-AB74-28F891AC2869}.Release|x86.ActiveCfg = Release|Win32
		{36095165-D2FB-4430-AB74-28F891AC2869}.Release|x86.Build.0 = Release|Win32
	EndGlobalSection
	GlobalSection(SolutionProperties) = preSolution
		HideSolutionNode = FALSE
	EndGlobalSection
	GlobalSection(ExtensibilityGlobals) = postSolution
		SolutionGuid = {B8B72A1E-D883-4710-8BFB-7E66AE8FBCAB}
	EndGlobalSection
EndGlobal
